
Microsoft Visual Studio Solution File, Format Version 12.00
# Visual Studio Version 17
VisualStudioVersion = 17.13.35931.197 d17.13
MinimumVisualStudioVersion = 10.0.40219.1
Project("{FAE04EC0-301F-11D3-BF4B-00C04F79EFBC}") = "SmarfillAPI", "SmarfillAPI\SmarfillAPI.csproj", "{018B9502-A045-4232-9FEC-84629469E1C9}"
EndProject
Global
	GlobalSection(SolutionConfigurationPlatforms) = preSolution
		Debug|Any CPU = Debug|Any CPU
		Release|Any CPU = Release|Any CPU
	EndGlobalSection
	GlobalSection(ProjectConfigurationPlatforms) = postSolution
		{018B9502-A045-4232-9FEC-84629469E1C9}.Debug|Any CPU.ActiveCfg = Debug|Any CPU
		{018B9502-A045-4232-9FEC-84629469E1C9}.Debug|Any CPU.Build.0 = Debug|Any CPU
		{018B9502-A045-4232-9FEC-84629469E1C9}.Release|Any CPU.ActiveCfg = Release|Any CPU
		{018B9502-A045-4232-9FEC-84629469E1C9}.Release|Any CPU.Build.0 = Release|Any CPU
	EndGlobalSection
	GlobalSection(SolutionProperties) = preSolution
		HideSolutionNode = FALSE
	EndGlobalSection
	GlobalSection(ExtensibilityGlobals) = postSolution
		SolutionGuid = {7450EECF-8E89-4161-B778-CF665F53FCCC}
	EndGlobalSection
EndGlobal
